
Microsoft Visual Studio Solution File, Format Version 12.00
# Visual Studio Version 17
VisualStudioVersion = 17.4.33110.190
MinimumVisualStudioVersion = 10.0.40219.1
Project("{8BC9CEB8-8B4A-11D0-8D11-00A0C91BC942}") = "Prism.Core", "Prism.Core\Prism.Core.vcxproj", "{BF011318-C393-4CC8-B6F9-045755898DD9}"
EndProject
Project("{8BC9CEB8-8B4A-11D0-8D11-00A0C91BC942}") = "Prism.Loader", "Prism.Loader\Prism.Loader.vcxproj", "{7C88737A-DA9D-41E7-80CF-B51D7D66D39D}"
EndProject
Project("{FAE04EC0-301F-11D3-BF4B-00C04F79EFBC}") = "Prism.Loader.Launcher", "Prism.Loader.Launcher\Prism.Loader.Launcher.csproj", "{1DA26361-0A3F-48F7-B7B0-6CCE753B3640}"
EndProject
Project("{8BC9CEB8-8B4A-11D0-8D11-00A0C91BC942}") = "Prism.Kernel", "Prism.Kernel\Prism.Kernel.vcxproj", "{E58272E5-6996-4216-ADE4-C2EC58724D62}"
EndProject
Project("{2150E333-8FDC-42A3-9474-1A3956D46DE8}") = "Kernel", "Kernel", "{271548D9-AED1-4E84-9E55-C0837753C166}"
EndProject
Project("{2150E333-8FDC-42A3-9474-1A3956D46DE8}") = "Core", "Core", "{95F451AB-D9FC-414C-867A-6163D25B5186}"
EndProject
Project("{2150E333-8FDC-42A3-9474-1A3956D46DE8}") = "Loader", "Loader", "{32918F6A-6638-46B5-8238-AD5B8D4F46D4}"
EndProject
Project("{8BC9CEB8-8B4A-11D0-8D11-00A0C91BC942}") = "Prism.Loader.Test", "Prism.Loader.Test\Prism.Loader.Test.vcxproj", "{EEC801F0-C7AE-4D07-9BE3-7CD85B1EFADB}"
EndProject
Global
	GlobalSection(SolutionConfigurationPlatforms) = preSolution
		Debug|x64 = Debug|x64
		Release|x64 = Release|x64
	EndGlobalSection
	GlobalSection(ProjectConfigurationPlatforms) = postSolution
		{BF011318-C393-4CC8-B6F9-045755898DD9}.Debug|x64.ActiveCfg = Debug|x64
		{BF011318-C393-4CC8-B6F9-045755898DD9}.Debug|x64.Build.0 = Debug|x64
		{BF011318-C393-4CC8-B6F9-045755898DD9}.Release|x64.ActiveCfg = Release|x64
		{BF011318-C393-4CC8-B6F9-045755898DD9}.Release|x64.Build.0 = Release|x64
		{7C88737A-DA9D-41E7-80CF-B51D7D66D39D}.Debug|x64.ActiveCfg = Debug|x64
		{7C88737A-DA9D-41E7-80CF-B51D7D66D39D}.Debug|x64.Build.0 = Debug|x64
		{7C88737A-DA9D-41E7-80CF-B51D7D66D39D}.Release|x64.ActiveCfg = Release|x64
		{7C88737A-DA9D-41E7-80CF-B51D7D66D39D}.Release|x64.Build.0 = Release|x64
		{1DA26361-0A3F-48F7-B7B0-6CCE753B3640}.Debug|x64.ActiveCfg = Debug|x64
		{1DA26361-0A3F-48F7-B7B0-6CCE753B3640}.Debug|x64.Build.0 = Debug|x64
		{1DA26361-0A3F-48F7-B7B0-6CCE753B3640}.Release|x64.ActiveCfg = Release|x64
		{1DA26361-0A3F-48F7-B7B0-6CCE753B3640}.Release|x64.Build.0 = Release|x64
		{E58272E5-6996-4216-ADE4-C2EC58724D62}.Debug|x64.ActiveCfg = Debug|x64
		{E58272E5-6996-4216-ADE4-C2EC58724D62}.Debug|x64.Build.0 = Debug|x64
		{E58272E5-6996-4216-ADE4-C2EC58724D62}.Debug|x64.Deploy.0 = Debug|x64
		{E58272E5-6996-4216-ADE4-C2EC58724D62}.Release|x64.ActiveCfg = Release|x64
		{E58272E5-6996-4216-ADE4-C2EC58724D62}.Release|x64.Build.0 = Release|x64
		{E58272E5-6996-4216-ADE4-C2EC58724D62}.Release|x64.Deploy.0 = Release|x64
		{EEC801F0-C7AE-4D07-9BE3-7CD85B1EFADB}.Debug|x64.ActiveCfg = Debug|x64
		{EEC801F0-C7AE-4D07-9BE3-7CD85B1EFADB}.Debug|x64.Build.0 = Debug|x64
		{EEC801F0-C7AE-4D07-9BE3-7CD85B1EFADB}.Release|x64.ActiveCfg = Release|x64
		{EEC801F0-C7AE-4D07-9BE3-7CD85B1EFADB}.Release|x64.Build.0 = Release|x64
	EndGlobalSection
	GlobalSection(SolutionProperties) = preSolution
		HideSolutionNode = FALSE
	EndGlobalSection
	GlobalSection(NestedProjects) = preSolution
		{BF011318-C393-4CC8-B6F9-045755898DD9} = {95F451AB-D9FC-414C-867A-6163D25B5186}
		{7C88737A-DA9D-41E7-80CF-B51D7D66D39D} = {32918F6A-6638-46B5-8238-AD5B8D4F46D4}
		{1DA26361-0A3F-48F7-B7B0-6CCE753B3640} = {32918F6A-6638-46B5-8238-AD5B8D4F46D4}
		{E58272E5-6996-4216-ADE4-C2EC58724D62} = {271548D9-AED1-4E84-9E55-C0837753C166}
		{EEC801F0-C7AE-4D07-9BE3-7CD85B1EFADB} = {32918F6A-6638-46B5-8238-AD5B8D4F46D4}
	EndGlobalSection
	GlobalSection(ExtensibilityGlobals) = postSolution
		SolutionGuid = {193A0485-0F80-47D7-AA3E-FCC7A9FFC9A7}
	EndGlobalSection
EndGlobal
